// !$*UTF8*$!
{
	archiveVersion = 1;
	classes = {
	};
	objectVersion = 46;
	objects = {

/* Begin PBXBuildFile section */
		2C0305861BECE87D00C593B1 /* main.m in Sources */ = {isa = PBXBuildFile; fileRef = 2C0305851BECE87D00C593B1 /* main.m */; };
		2C0305891BECE87D00C593B1 /* AppDelegate.m in Sources */ = {isa = PBXBuildFile; fileRef = 2C0305881BECE87D00C593B1 /* AppDelegate.m */; };
		2C03058C1BECE87D00C593B1 /* ViewController.m in Sources */ = {isa = PBXBuildFile; fileRef = 2C03058B1BECE87D00C593B1 /* ViewController.m */; };
		2C03058F1BECE87D00C593B1 /* Main.storyboard in Resources */ = {isa = PBXBuildFile; fileRef = 2C03058D1BECE87D00C593B1 /* Main.storyboard */; };
		2C0305911BECE87D00C593B1 /* Assets.xcassets in Resources */ = {isa = PBXBuildFile; fileRef = 2C0305901BECE87D00C593B1 /* Assets.xcassets */; };
		2C0305941BECE87D00C593B1 /* LaunchScreen.storyboard in Resources */ = {isa = PBXBuildFile; fileRef = 2C0305921BECE87D00C593B1 /* LaunchScreen.storyboard */; };
		2C03059D1BECE90E00C593B1 /* ZinCoordinator.m in Sources */ = {isa = PBXBuildFile; fileRef = 2C03059C1BECE90E00C593B1 /* ZinCoordinator.m */; };
/* End PBXBuildFile section */

/* Begin PBXFileReference section */
		2C0305811BECE87D00C593B1 /* HidenNavBarDemo.app */ = {isa = PBXFileReference; explicitFileType = wrapper.application; includeInIndex = 0; path = HidenNavBarDemo.app; sourceTree = BUILT_PRODUCTS_DIR; };
		2C0305851BECE87D00C593B1 /* main.m */ = {isa = PBXFileReference; lastKnownFileType = sourcecode.c.objc; path = main.m; sourceTree = "<group>"; };
		2C0305871BECE87D00C593B1 /* AppDelegate.h */ = {isa = PBXFileReference; lastKnownFileType = sourcecode.c.h; path = AppDelegate.h; sourceTree = "<group>"; };
		2C0305881BECE87D00C593B1 /* AppDelegate.m */ = {isa = PBXFileReference; lastKnownFileType = sourcecode.c.objc; path = AppDelegate.m; sourceTree = "<group>"; };
		2C03058A1BECE87D00C593B1 /* ViewController.h */ = {isa = PBXFileReference; lastKnownFileType = sourcecode.c.h; path = ViewController.h; sourceTree = "<group>"; };
		2C03058B1BECE87D00C593B1 /* ViewController.m */ = {isa = PBXFileReference; lastKnownFileType = sourcecode.c.objc; path = ViewController.m; sourceTree = "<group>"; };
		2C03058E1BECE87D00C593B1 /* Base */ = {isa = PBXFileReference; lastKnownFileType = file.storyboard; name = Base; path = Base.lproj/Main.storyboard; sourceTree = "<group>"; };
		2C0305901BECE87D00C593B1 /* Assets.xcassets */ = {isa = PBXFileReference; lastKnownFileType = folder.assetcatalog; path = Assets.xcassets; sourceTree = "<group>"; };
		2C0305931BECE87D00C593B1 /* Base */ = {isa = PBXFileReference; lastKnownFileType = file.storyboard; name = Base; path = Base.lproj/LaunchScreen.storyboard; sourceTree = "<group>"; };
		2C0305951BECE87D00C593B1 /* Info.plist */ = {isa = PBXFileReference; lastKnownFileType = text.plist.xml; path = Info.plist; sourceTree = "<group>"; };
		2C03059B1BECE90E00C593B1 /* ZinCoordinator.h */ = {isa = PBXFileReference; fileEncoding = 4; lastKnownFileType = sourcecode.c.h; path = ZinCoordinator.h; sourceTree = "<group>"; };
		2C03059C1BECE90E00C593B1 /* ZinCoordinator.m */ = {isa = PBXFileReference; fileEncoding = 4; lastKnownFileType = sourcecode.c.objc; path = ZinCoordinator.m; sourceTree = "<group>"; };
/* End PBXFileReference section */

/* Begin PBXFrameworksBuildPhase section */
		2C03057E1BECE87D00C593B1 /* Frameworks */ = {
			isa = PBXFrameworksBuildPhase;
			buildActionMask = 2147483647;
			files = (
			);
			runOnlyForDeploymentPostprocessing = 0;
		};
/* End PBXFrameworksBuildPhase section */

/* Begin PBXGroup section */
		2C0305781BECE87D00C593B1 = {
			isa = PBXGroup;
			children = (
				2C0305831BECE87D00C593B1 /* HidenNavBarDemo */,
				2C0305821BECE87D00C593B1 /* Products */,
			);
			sourceTree = "<group>";
		};
		2C0305821BECE87D00C593B1 /* Products */ = {
			isa = PBXGroup;
			children = (
				2C0305811BECE87D00C593B1 /* HidenNavBarDemo.app */,
			);
			name = Products;
			sourceTree = "<group>";
		};
		2C0305831BECE87D00C593B1 /* HidenNavBarDemo */ = {
			isa = PBXGroup;
			children = (
				2C03059B1BECE90E00C593B1 /* ZinCoordinator.h */,
				2C03059C1BECE90E00C593B1 /* ZinCoordinator.m */,
				2C0305871BECE87D00C593B1 /* AppDelegate.h */,
				2C0305881BECE87D00C593B1 /* AppDelegate.m */,
				2C03058A1BECE87D00C593B1 /* ViewController.h */,
				2C03058B1BECE87D00C593B1 /* ViewController.m */,
				2C03058D1BECE87D00C593B1 /* Main.storyboard */,
				2C0305901BECE87D00C593B1 /* Assets.xcassets */,
				2C0305921BECE87D00C593B1 /* LaunchScreen.storyboard */,
				2C0305951BECE87D00C593B1 /* Info.plist */,
				2C0305841BECE87D00C593B1 /* Supporting Files */,
			);
			path = HidenNavBarDemo;
			sourceTree = "<group>";
		};
		2C0305841BECE87D00C593B1 /* Supporting Files */ = {
			isa = PBXGroup;
			children = (
				2C0305851BECE87D00C593B1 /* main.m */,
			);
			name = "Supporting Files";
			sourceTree = "<group>";
		};
/* End PBXGroup section */

/* Begin PBXNativeTarget section */
		2C0305801BECE87D00C593B1 /* HidenNavBarDemo */ = {
			isa = PBXNativeTarget;
			buildConfigurationList = 2C0305981BECE87D00C593B1 /* Build configuration list for PBXNativeTarget "HidenNavBarDemo" */;
			buildPhases = (
				2C03057D1BECE87D00C593B1 /* Sources */,
				2C03057E1BECE87D00C593B1 /* Frameworks */,
				2C03057F1BECE87D00C593B1 /* Resources */,
			);
			buildRules = (
			);
			dependencies = (
			);
			name = HidenNavBarDemo;
			productName = HidenNavBarDemo;
			productReference = 2C0305811BECE87D00C593B1 /* HidenNavBarDemo.app */;
			productType = "com.apple.product-type.application";
		};
/* End PBXNativeTarget section */

/* Begin PBXProject section */
		2C0305791BECE87D00C593B1 /* Project object */ = {
			isa = PBXProject;
			attributes = {
				LastUpgradeCheck = 0710;
				ORGANIZATIONNAME = "zhan神";
				TargetAttributes = {
					2C0305801BECE87D00C593B1 = {
						CreatedOnToolsVersion = 7.1;
						DevelopmentTeam = A843B2PZP6;
					};
				};
			};
			buildConfigurationList = 2C03057C1BECE87D00C593B1 /* Build configuration list for PBXProject "HidenNavBarDemo" */;
			compatibilityVersion = "Xcode 3.2";
			developmentRegion = English;
			hasScannedForEncodings = 0;
			knownRegions = (
				en,
				Base,
			);
			mainGroup = 2C0305781BECE87D00C593B1;
			productRefGroup = 2C0305821BECE87D00C593B1 /* Products */;
			projectDirPath = "";
			projectRoot = "";
			targets = (
				2C0305801BECE87D00C593B1 /* HidenNavBarDemo */,
			);
		};
/* End PBXProject section */

/* Begin PBXResourcesBuildPhase section */
		2C03057F1BECE87D00C593B1 /* Resources */ = {
			isa = PBXResourcesBuildPhase;
			buildActionMask = 2147483647;
			files = (
				2C0305941BECE87D00C593B1 /* LaunchScreen.storyboard in Resources */,
				2C0305911BECE87D00C593B1 /* Assets.xcassets in Resources */,
				2C03058F1BECE87D00C593B1 /* Main.storyboard in Resources */,
			);
			runOnlyForDeploymentPostprocessing = 0;
		};
/* End PBXResourcesBuildPhase section */

/* Begin PBXSourcesBuildPhase section */
		2C03057D1BECE87D00C593B1 /* Sources */ = {
			isa = PBXSourcesBuildPhase;
			buildActionMask = 2147483647;
			files = (
				2C03059D1BECE90E00C593B1 /* ZinCoordinator.m in Sources */,
				2C03058C1BECE87D00C593B1 /* ViewController.m in Sources */,
				2C0305891BECE87D00C593B1 /* AppDelegate.m in Sources */,
				2C0305861BECE87D00C593B1 /* main.m in Sources */,
			);
			runOnlyForDeploymentPostprocessing = 0;
		};
/* End PBXSourcesBuildPhase section */

/* Begin PBXVariantGroup section */
		2C03058D1BECE87D00C593B1 /* Main.storyboard */ = {
			isa = PBXVariantGroup;
			children = (
				2C03058E1BECE87D00C593B1 /* Base */,
			);
			name = Main.storyboard;
			sourceTree = "<group>";
		};
		2C0305921BECE87D00C593B1 /* LaunchScreen.storyboard */ = {
			isa = PBXVariantGroup;
			children = (
				2C0305931BECE87D00C593B1 /* Base */,
			);
			name = LaunchScreen.storyboard;
			sourceTree = "<group>";
		};
/* End PBXVariantGroup section */

/* Begin XCBuildConfiguration section */
		2C0305961BECE87D00C593B1 /* Debug */ = {
			isa = XCBuildConfiguration;
			buildSettings = {
				ALWAYS_SEARCH_USER_PATHS = NO;
				CLANG_CXX_LANGUAGE_STANDARD = "gnu++0x";
				CLANG_CXX_LIBRARY = "libc++";
				CLANG_ENABLE_MODULES = YES;
				CLANG_ENABLE_OBJC_ARC = YES;
				CLANG_WARN_BOOL_CONVERSION = YES;
				CLANG_WARN_CONSTANT_CONVERSION = YES;
				CLANG_WARN_DIRECT_OBJC_ISA_USAGE = YES_ERROR;
				CLANG_WARN_EMPTY_BODY = YES;
				CLANG_WARN_ENUM_CONVERSION = YES;
				CLANG_WARN_INT_CONVERSION = YES;
				CLANG_WARN_OBJC_ROOT_CLASS = YES_ERROR;
				CLANG_WARN_UNREACHABLE_CODE = YES;
				CLANG_WARN__DUPLICATE_METHOD_MATCH = YES;
				"CODE_SIGN_IDENTITY[sdk=iphoneos*]" = "iPhone Developer";
				COPY_PHASE_STRIP = NO;
				DEBUG_INFORMATION_FORMAT = dwarf;
				ENABLE_STRICT_OBJC_MSGSEND = YES;
				ENABLE_TESTABILITY = YES;
				GCC_C_LANGUAGE_STANDARD = gnu99;
				GCC_DYNAMIC_NO_PIC = NO;
				GCC_NO_COMMON_BLOCKS = YES;
				GCC_OPTIMIZATION_LEVEL = 0;
				GCC_PREPROCESSOR_DEFINITIONS = (
					"DEBUG=1",
					"$(inherited)",
				);
				GCC_WARN_64_TO_32_BIT_CONVERSION = YES;
				GCC_WARN_ABOUT_RETURN_TYPE = YES_ERROR;
				GCC_WARN_UNDECLARED_SELECTOR = YES;
				GCC_WARN_UNINITIALIZED_AUTOS = YES_AGGRESSIVE;
				GCC_WARN_UNUSED_FUNCTION = YES;
				GCC_WARN_UNUSED_VARIABLE = YES;
				IPHONEOS_DEPLOYMENT_TARGET = 9.1;
				MTL_ENABLE_DEBUG_INFO = YES;
				ONLY_ACTIVE_ARCH = YES;
				SDKROOT = iphoneos;
			};
			name = Debug;
		};
		2C0305971BECE87D00C593B1 /* Release */ = {
			isa = XCBuildConfiguration;
			buildSettings = {
				ALWAYS_SEARCH_USER_PATHS = NO;
				CLANG_CXX_LANGUAGE_STANDARD = "gnu++0x";
				CLANG_CXX_LIBRARY = "libc++";
				CLANG_ENABLE_MODULES = YES;
				CLANG_ENABLE_OBJC_ARC = YES;
				CLANG_WARN_BOOL_CONVERSION = YES;
				CLANG_WARN_CONSTANT_CONVERSION = YES;
				CLANG_WARN_DIRECT_OBJC_ISA_USAGE = YES_ERROR;
				CLANG_WARN_EMPTY_BODY = YES;
				CLANG_WARN_ENUM_CONVERSION = YES;
				CLANG_WARN_INT_CONVERSION = YES;
				CLANG_WARN_OBJC_ROOT_CLASS = YES_ERROR;
				CLANG_WARN_UNREACHABLE_CODE = YES;
				CLANG_WARN__DUPLICATE_METHOD_MATCH = YES;
				"CODE_SIGN_IDENTITY[sdk=iphoneos*]" = "iPhone Developer";
				COPY_PHASE_STRIP = NO;
				DEBUG_INFORMATION_FORMAT = "dwarf-with-dsym";
				ENABLE_NS_ASSERTIONS = NO;
				ENABLE_STRICT_OBJC_MSGSEND = YES;
				GCC_C_LANGUAGE_STANDARD = gnu99;
				GCC_NO_COMMON_BLOCKS = YES;
				GCC_WARN_64_TO_32_BIT_CONVERSION = YES;
				GCC_WARN_ABOUT_RETURN_TYPE = YES_ERROR;
				GCC_WARN_UNDECLARED_SELECTOR = YES;
				GCC_WARN_UNINITIALIZED_AUTOS = YES_AGGRESSIVE;
				GCC_WARN_UNUSED_FUNCTION = YES;
				GCC_WARN_UNUSED_VARIABLE = YES;
				IPHONEOS_DEPLOYMENT_TARGET = 9.1;
				MTL_ENABLE_DEBUG_INFO = NO;
				SDKROOT = iphoneos;
				VALIDATE_PRODUCT = YES;
			};
			name = Release;
		};
		2C0305991BECE87D00C593B1 /* Debug */ = {
			isa = XCBuildConfiguration;
			buildSettings = {
				ASSETCATALOG_COMPILER_APPICON_NAME = AppIcon;
				INFOPLIST_FILE = HidenNavBarDemo/Info.plist;
				LD_RUNPATH_SEARCH_PATHS = "$(inherited) @executable_path/Frameworks";
				PRODUCT_BUNDLE_IDENTIFIER = zhan.HidenNavBarDemo;
				PRODUCT_NAME = "$(TARGET_NAME)";
			};
			name = Debug;
		};
		2C03059A1BECE87D00C593B1 /* Release */ = {
			isa = XCBuildConfiguration;
			buildSettings = {
				ASSETCATALOG_COMPILER_APPICON_NAME = AppIcon;
				INFOPLIST_FILE = HidenNavBarDemo/Info.plist;
				LD_RUNPATH_SEARCH_PATHS = "$(inherited) @executable_path/Frameworks";
				PRODUCT_BUNDLE_IDENTIFIER = zhan.HidenNavBarDemo;
				PRODUCT_NAME = "$(TARGET_NAME)";
			};
			name = Release;
		};
/* End XCBuildConfiguration section */

/* Begin XCConfigurationList section */
		2C03057C1BECE87D00C593B1 /* Build configuration list for PBXProject "HidenNavBarDemo" */ = {
			isa = XCConfigurationList;
			buildConfigurations = (
				2C0305961BECE87D00C593B1 /* Debug */,
				2C0305971BECE87D00C593B1 /* Release */,
			);
			defaultConfigurationIsVisible = 0;
			defaultConfigurationName = Release;
		};
		2C0305981BECE87D00C593B1 /* Build configuration list for PBXNativeTarget "HidenNavBarDemo" */ = {
			isa = XCConfigurationList;
			buildConfigurations = (
				2C0305991BECE87D00C593B1 /* Debug */,
				2C03059A1BECE87D00C593B1 /* Release */,
			);
			defaultConfigurationIsVisible = 0;
		};
/* End XCConfigurationList section */
	};
	rootObject = 2C0305791BECE87D00C593B1 /* Project object */;
}
